
Microsoft Visual Studio Solution File, Format Version 12.00
# Visual Studio Version 17
VisualStudioVersion = 17.8.34525.116
MinimumVisualStudioVersion = 10.0.40219.1
Project("{FAE04EC0-301F-11D3-BF4B-00C04F79EFBC}") = "CheckpointCatalogoFilmes", "CheckpointCatalogoFilmes\CheckpointCatalogoFilmes.csproj", "{67FA5BDF-797B-4F50-955D-0C82336D246C}"
EndProject
Project("{FAE04EC0-301F-11D3-BF4B-00C04F79EFBC}") = "CheckpointCatalagoFilmesClassLibrary", "CheckpointCatalagoFilmesClassLibrary\CheckpointCatalagoFilmesClassLibrary.csproj", "{5E3A8F3E-747C-4575-934A-97C7725581D7}"
EndProject
Global
	GlobalSection(SolutionConfigurationPlatforms) = preSolution
		Debug|Any CPU = Debug|Any CPU
		Release|Any CPU = Release|Any CPU
	EndGlobalSection
	GlobalSection(ProjectConfigurationPlatforms) = postSolution
		{67FA5BDF-797B-4F50-955D-0C82336D246C}.Debug|Any CPU.ActiveCfg = Debug|Any CPU
		{67FA5BDF-797B-4F50-955D-0C82336D246C}.Debug|Any CPU.Build.0 = Debug|Any CPU
		{67FA5BDF-797B-4F50-955D-0C82336D246C}.Release|Any CPU.ActiveCfg = Release|Any CPU
		{67FA5BDF-797B-4F50-955D-0C82336D246C}.Release|Any CPU.Build.0 = Release|Any CPU
		{5E3A8F3E-747C-4575-934A-97C7725581D7}.Debug|Any CPU.ActiveCfg = Debug|Any CPU
		{5E3A8F3E-747C-4575-934A-97C7725581D7}.Debug|Any CPU.Build.0 = Debug|Any CPU
		{5E3A8F3E-747C-4575-934A-97C7725581D7}.Release|Any CPU.ActiveCfg = Release|Any CPU
		{5E3A8F3E-747C-4575-934A-97C7725581D7}.Release|Any CPU.Build.0 = Release|Any CPU
	EndGlobalSection
	GlobalSection(SolutionProperties) = preSolution
		HideSolutionNode = FALSE
	EndGlobalSection
	GlobalSection(ExtensibilityGlobals) = postSolution
		SolutionGuid = {65153213-07A7-4C1F-BFF5-C044584AC654}
	EndGlobalSection
EndGlobal
